
Microsoft Visual Studio Solution File, Format Version 12.00
# Visual Studio 14
VisualStudioVersion = 14.0.25123.0
MinimumVisualStudioVersion = 10.0.40219.1
Project("{FAE04EC0-301F-11D3-BF4B-00C04F79EFBC}") = "XamarinWeatherApp.Droid", "XamarinWeatherApp\XamarinWeatherApp.Droid\XamarinWeatherApp.Droid.csproj", "{4BDF669B-A6AE-42E9-95F1-C818D5E0813A}"
EndProject
Project("{FAE04EC0-301F-11D3-BF4B-00C04F79EFBC}") = "XamarinWeatherApp.iOS", "XamarinWeatherApp\XamarinWeatherApp.iOS\XamarinWeatherApp.iOS.csproj", "{4962B065-03E0-4313-A2B5-793E8144378B}"
EndProject
Project("{FAE04EC0-301F-11D3-BF4B-00C04F79EFBC}") = "XamarinWeatherApp.UWP", "XamarinWeatherApp\XamarinWeatherApp.UWP\XamarinWeatherApp.UWP.csproj", "{7CF16568-7FB0-490F-9FEA-210D1A2BCE8F}"
EndProject
Project("{FAE04EC0-301F-11D3-BF4B-00C04F79EFBC}") = "XamarinWeatherApp", "XamarinWeatherApp\XamarinWeatherApp\XamarinWeatherApp.csproj", "{593C3DA0-F6AC-40B9-926A-7E9E0B70EBB9}"
EndProject
Global
	GlobalSection(SolutionConfigurationPlatforms) = preSolution
		Ad-Hoc|Any CPU = Ad-Hoc|Any CPU
		Ad-Hoc|ARM = Ad-Hoc|ARM
		Ad-Hoc|iPhone = Ad-Hoc|iPhone
		Ad-Hoc|iPhoneSimulator = Ad-Hoc|iPhoneSimulator
		Ad-Hoc|x64 = Ad-Hoc|x64
		Ad-Hoc|x86 = Ad-Hoc|x86
		AppStore|Any CPU = AppStore|Any CPU
		AppStore|ARM = AppStore|ARM
		AppStore|iPhone = AppStore|iPhone
		AppStore|iPhoneSimulator = AppStore|iPhoneSimulator
		AppStore|x64 = AppStore|x64
		AppStore|x86 = AppStore|x86
		Debug|Any CPU = Debug|Any CPU
		Debug|ARM = Debug|ARM
		Debug|iPhone = Debug|iPhone
		Debug|iPhoneSimulator = Debug|iPhoneSimulator
		Debug|x64 = Debug|x64
		Debug|x86 = Debug|x86
		Release|Any CPU = Release|Any CPU
		Release|ARM = Release|ARM
		Release|iPhone = Release|iPhone
		Release|iPhoneSimulator = Release|iPhoneSimulator
		Release|x64 = Release|x64
		Release|x86 = Release|x86
	EndGlobalSection
	GlobalSection(ProjectConfigurationPlatforms) = postSolution
		{4BDF669B-A6AE-42E9-95F1-C818D5E0813A}.Ad-Hoc|Any CPU.ActiveCfg = Release|Any CPU
		{4BDF669B-A6AE-42E9-95F1-C818D5E0813A}.Ad-Hoc|Any CPU.Build.0 = Release|Any CPU
		{4BDF669B-A6AE-42E9-95F1-C818D5E0813A}.Ad-Hoc|Any CPU.Deploy.0 = Release|Any CPU
		{4BDF669B-A6AE-42E9-95F1-C818D5E0813A}.Ad-Hoc|ARM.ActiveCfg = Release|Any CPU
		{4BDF669B-A6AE-42E9-95F1-C818D5E0813A}.Ad-Hoc|ARM.Build.0 = Release|Any CPU
		{4BDF669B-A6AE-42E9-95F1-C818D5E0813A}.Ad-Hoc|ARM.Deploy.0 = Release|Any CPU
		{4BDF669B-A6AE-42E9-95F1-C818D5E0813A}.Ad-Hoc|iPhone.ActiveCfg = Release|Any CPU
		{4BDF669B-A6AE-42E9-95F1-C818D5E0813A}.Ad-Hoc|iPhone.Build.0 = Release|Any CPU
		{4BDF669B-A6AE-42E9-95F1-C818D5E0813A}.Ad-Hoc|iPhone.Deploy.0 = Release|Any CPU
		{4BDF669B-A6AE-42E9-95F1-C818D5E0813A}.Ad-Hoc|iPhoneSimulator.ActiveCfg = Release|Any CPU
		{4BDF669B-A6AE-42E9-95F1-C818D5E0813A}.Ad-Hoc|iPhoneSimulator.Build.0 = Release|Any CPU
		{4BDF669B-A6AE-42E9-95F1-C818D5E0813A}.Ad-Hoc|iPhoneSimulator.Deploy.0 = Release|Any CPU
		{4BDF669B-A6AE-42E9-95F1-C818D5E0813A}.Ad-Hoc|x64.ActiveCfg = Release|Any CPU
		{4BDF669B-A6AE-42E9-95F1-C818D5E0813A}.Ad-Hoc|x64.Build.0 = Release|Any CPU
		{4BDF669B-A6AE-42E9-95F1-C818D5E0813A}.Ad-Hoc|x64.Deploy.0 = Release|Any CPU
		{4BDF669B-A6AE-42E9-95F1-C818D5E0813A}.Ad-Hoc|x86.ActiveCfg = Release|Any CPU
		{4BDF669B-A6AE-42E9-95F1-C818D5E0813A}.Ad-Hoc|x86.Build.0 = Release|Any CPU
		{4BDF669B-A6AE-42E9-95F1-C818D5E0813A}.Ad-Hoc|x86.Deploy.0 = Release|Any CPU
		{4BDF669B-A6AE-42E9-95F1-C818D5E0813A}.AppStore|Any CPU.ActiveCfg = Release|Any CPU
		{4BDF669B-A6AE-42E9-95F1-C818D5E0813A}.AppStore|Any CPU.Build.0 = Release|Any CPU
		{4BDF669B-A6AE-42E9-95F1-C818D5E0813A}.AppStore|Any CPU.Deploy.0 = Release|Any CPU
		{4BDF669B-A6AE-42E9-95F1-C818D5E0813A}.AppStore|ARM.ActiveCfg = Release|Any CPU
		{4BDF669B-A6AE-42E9-95F1-C818D5E0813A}.AppStore|ARM.Build.0 = Release|Any CPU
		{4BDF669B-A6AE-42E9-95F1-C818D5E0813A}.AppStore|ARM.Deploy.0 = Release|Any CPU
		{4BDF669B-A6AE-42E9-95F1-C818D5E0813A}.AppStore|iPhone.ActiveCfg = Release|Any CPU
		{4BDF669B-A6AE-42E9-95F1-C818D5E0813A}.AppStore|iPhone.Build.0 = Release|Any CPU
		{4BDF669B-A6AE-42E9-95F1-C818D5E0813A}.AppStore|iPhone.Deploy.0 = Release|Any CPU
		{4BDF669B-A6AE-42E9-95F1-C818D5E0813A}.AppStore|iPhoneSimulator.ActiveCfg = Release|Any CPU
		{4BDF669B-A6AE-42E9-95F1-C818D5E0813A}.AppStore|iPhoneSimulator.Build.0 = Release|Any CPU
		{4BDF669B-A6AE-42E9-95F1-C818D5E0813A}.AppStore|iPhoneSimulator.Deploy.0 = Release|Any CPU
		{4BDF669B-A6AE-42E9-95F1-C818D5E0813A}.AppStore|x64.ActiveCfg = Release|Any CPU
		{4BDF669B-A6AE-42E9-95F1-C818D5E0813A}.AppStore|x64.Build.0 = Release|Any CPU
		{4BDF669B-A6AE-42E9-95F1-C818D5E0813A}.AppStore|x64.Deploy.0 = Release|Any CPU
		{4BDF669B-A6AE-42E9-95F1-C818D5E0813A}.AppStore|x86.ActiveCfg = Release|Any CPU
		{4BDF669B-A6AE-42E9-95F1-C818D5E0813A}.AppStore|x86.Build.0 = Release|Any CPU
		{4BDF669B-A6AE-42E9-95F1-C818D5E0813A}.AppStore|x86.Deploy.0 = Release|Any CPU
		{4BDF669B-A6AE-42E9-95F1-C818D5E0813A}.Debug|Any CPU.ActiveCfg = Debug|Any CPU
		{4BDF669B-A6AE-42E9-95F1-C818D5E0813A}.Debug|Any CPU.Build.0 = Debug|Any CPU
		{4BDF669B-A6AE-42E9-95F1-C818D5E0813A}.Debug|Any CPU.Deploy.0 = Debug|Any CPU
		{4BDF669B-A6AE-42E9-95F1-C818D5E0813A}.Debug|ARM.ActiveCfg = Debug|Any CPU
		{4BDF669B-A6AE-42E9-95F1-C818D5E0813A}.Debug|ARM.Build.0 = Debug|Any CPU
		{4BDF669B-A6AE-42E9-95F1-C818D5E0813A}.Debug|ARM.Deploy.0 = Debug|Any CPU
		{4BDF669B-A6AE-42E9-95F1-C818D5E0813A}.Debug|iPhone.ActiveCfg = Debug|Any CPU
		{4BDF669B-A6AE-42E9-95F1-C818D5E0813A}.Debug|iPhone.Build.0 = Debug|Any CPU
		{4BDF669B-A6AE-42E9-95F1-C818D5E0813A}.Debug|iPhone.Deploy.0 = Debug|Any CPU
		{4BDF669B-A6AE-42E9-95F1-C818D5E0813A}.Debug|iPhoneSimulator.ActiveCfg = Debug|Any CPU
		{4BDF669B-A6AE-42E9-95F1-C818D5E0813A}.Debug|iPhoneSimulator.Build.0 = Debug|Any CPU
		{4BDF669B-A6AE-42E9-95F1-C818D5E0813A}.Debug|iPhoneSimulator.Deploy.0 = Debug|Any CPU
		{4BDF669B-A6AE-42E9-95F1-C818D5E0813A}.Debug|x64.ActiveCfg = Debug|Any CPU
		{4BDF669B-A6AE-42E9-95F1-C818D5E0813A}.Debug|x64.Build.0 = Debug|Any CPU
		{4BDF669B-A6AE-42E9-95F1-C818D5E0813A}.Debug|x64.Deploy.0 = Debug|Any CPU
		{4BDF669B-A6AE-42E9-95F1-C818D5E0813A}.Debug|x86.ActiveCfg = Debug|Any CPU
		{4BDF669B-A6AE-42E9-95F1-C818D5E0813A}.Debug|x86.Build.0 = Debug|Any CPU
		{4BDF669B-A6AE-42E9-95F1-C818D5E0813A}.Debug|x86.Deploy.0 = Debug|Any CPU
		{4BDF669B-A6AE-42E9-95F1-C818D5E0813A}.Release|Any CPU.ActiveCfg = Release|Any CPU
		{4BDF669B-A6AE-42E9-95F1-C818D5E0813A}.Release|Any CPU.Build.0 = Release|Any CPU
		{4BDF669B-A6AE-42E9-95F1-C818D5E0813A}.Release|Any CPU.Deploy.0 = Release|Any CPU
		{4BDF669B-A6AE-42E9-95F1-C818D5E0813A}.Release|ARM.ActiveCfg = Release|Any CPU
		{4BDF669B-A6AE-42E9-95F1-C818D5E0813A}.Release|ARM.Build.0 = Release|Any CPU
		{4BDF669B-A6AE-42E9-95F1-C818D5E0813A}.Release|ARM.Deploy.0 = Release|Any CPU
		{4BDF669B-A6AE-42E9-95F1-C818D5E0813A}.Release|iPhone.ActiveCfg = Release|Any CPU
		{4BDF669B-A6AE-42E9-95F1-C818D5E0813A}.Release|iPhone.Build.0 = Release|Any CPU
		{4BDF669B-A6AE-42E9-95F1-C818D5E0813A}.Release|iPhone.Deploy.0 = Release|Any CPU
		{4BDF669B-A6AE-42E9-95F1-C818D5E0813A}.Release|iPhoneSimulator.ActiveCfg = Release|Any CPU
		{4BDF669B-A6AE-42E9-95F1-C818D5E0813A}.Release|iPhoneSimulator.Build.0 = Release|Any CPU
		{4BDF669B-A6AE-42E9-95F1-C818D5E0813A}.Release|iPhoneSimulator.Deploy.0 = Release|Any CPU
		{4BDF669B-A6AE-42E9-95F1-C818D5E0813A}.Release|x64.ActiveCfg = Release|Any CPU
		{4BDF669B-A6AE-42E9-95F1-C818D5E0813A}.Release|x64.Build.0 = Release|Any CPU
		{4BDF669B-A6AE-42E9-95F1-C818D5E0813A}.Release|x64.Deploy.0 = Release|Any CPU
		{4BDF669B-A6AE-42E9-95F1-C818D5E0813A}.Release|x86.ActiveCfg = Release|Any CPU
		{4BDF669B-A6AE-42E9-95F1-C818D5E0813A}.Release|x86.Build.0 = Release|Any CPU
		{4BDF669B-A6AE-42E9-95F1-C818D5E0813A}.Release|x86.Deploy.0 = Release|Any CPU
		{4962B065-03E0-4313-A2B5-793E8144378B}.Ad-Hoc|Any CPU.ActiveCfg = Ad-Hoc|iPhone
		{4962B065-03E0-4313-A2B5-793E8144378B}.Ad-Hoc|ARM.ActiveCfg = Ad-Hoc|iPhone
		{4962B065-03E0-4313-A2B5-793E8144378B}.Ad-Hoc|iPhone.ActiveCfg = Ad-Hoc|iPhone
		{4962B065-03E0-4313-A2B5-793E8144378B}.Ad-Hoc|iPhone.Build.0 = Ad-Hoc|iPhone
		{4962B065-03E0-4313-A2B5-793E8144378B}.Ad-Hoc|iPhoneSimulator.ActiveCfg = Ad-Hoc|iPhoneSimulator
		{4962B065-03E0-4313-A2B5-793E8144378B}.Ad-Hoc|iPhoneSimulator.Build.0 = Ad-Hoc|iPhoneSimulator
		{4962B065-03E0-4313-A2B5-793E8144378B}.Ad-Hoc|x64.ActiveCfg = Ad-Hoc|iPhone
		{4962B065-03E0-4313-A2B5-793E8144378B}.Ad-Hoc|x86.ActiveCfg = Ad-Hoc|iPhone
		{4962B065-03E0-4313-A2B5-793E8144378B}.AppStore|Any CPU.ActiveCfg = AppStore|iPhone
		{4962B065-03E0-4313-A2B5-793E8144378B}.AppStore|ARM.ActiveCfg = AppStore|iPhone
		{4962B065-03E0-4313-A2B5-793E8144378B}.AppStore|iPhone.ActiveCfg = AppStore|iPhone
		{4962B065-03E0-4313-A2B5-793E8144378B}.AppStore|iPhone.Build.0 = AppStore|iPhone
		{4962B065-03E0-4313-A2B5-793E8144378B}.AppStore|iPhoneSimulator.ActiveCfg = AppStore|iPhoneSimulator
		{4962B065-03E0-4313-A2B5-793E8144378B}.AppStore|iPhoneSimulator.Build.0 = AppStore|iPhoneSimulator
		{4962B065-03E0-4313-A2B5-793E8144378B}.AppStore|x64.ActiveCfg = AppStore|iPhone
		{4962B065-03E0-4313-A2B5-793E8144378B}.AppStore|x86.ActiveCfg = AppStore|iPhone
		{4962B065-03E0-4313-A2B5-793E8144378B}.Debug|Any CPU.ActiveCfg = Debug|iPhone
		{4962B065-03E0-4313-A2B5-793E8144378B}.Debug|Any CPU.Deploy.0 = Debug|iPhone
		{4962B065-03E0-4313-A2B5-793E8144378B}.Debug|ARM.ActiveCfg = Debug|iPhone
		{4962B065-03E0-4313-A2B5-793E8144378B}.Debug|iPhone.ActiveCfg = Debug|iPhone
		{4962B065-03E0-4313-A2B5-793E8144378B}.Debug|iPhone.Build.0 = Debug|iPhone
		{4962B065-03E0-4313-A2B5-793E8144378B}.Debug|iPhoneSimulator.ActiveCfg = Debug|iPhoneSimulator
		{4962B065-03E0-4313-A2B5-793E8144378B}.Debug|iPhoneSimulator.Build.0 = Debug|iPhoneSimulator
		{4962B065-03E0-4313-A2B5-793E8144378B}.Debug|x64.ActiveCfg = Debug|iPhone
		{4962B065-03E0-4313-A2B5-793E8144378B}.Debug|x86.ActiveCfg = Debug|iPhone
		{4962B065-03E0-4313-A2B5-793E8144378B}.Release|Any CPU.ActiveCfg = Release|iPhone
		{4962B065-03E0-4313-A2B5-793E8144378B}.Release|ARM.ActiveCfg = Release|iPhone
		{4962B065-03E0-4313-A2B5-793E8144378B}.Release|iPhone.ActiveCfg = Release|iPhone
		{4962B065-03E0-4313-A2B5-793E8144378B}.Release|iPhone.Build.0 = Release|iPhone
		{4962B065-03E0-4313-A2B5-793E8144378B}.Release|iPhoneSimulator.ActiveCfg = Release|iPhoneSimulator
		{4962B065-03E0-4313-A2B5-793E8144378B}.Release|iPhoneSimulator.Build.0 = Release|iPhoneSimulator
		{4962B065-03E0-4313-A2B5-793E8144378B}.Release|x64.ActiveCfg = Release|iPhone
		{4962B065-03E0-4313-A2B5-793E8144378B}.Release|x86.ActiveCfg = Release|iPhone
		{7CF16568-7FB0-490F-9FEA-210D1A2BCE8F}.Ad-Hoc|Any CPU.ActiveCfg = Release|x86
		{7CF16568-7FB0-490F-9FEA-210D1A2BCE8F}.Ad-Hoc|Any CPU.Build.0 = Release|x86
		{7CF16568-7FB0-490F-9FEA-210D1A2BCE8F}.Ad-Hoc|Any CPU.Deploy.0 = Release|x86
		{7CF16568-7FB0-490F-9FEA-210D1A2BCE8F}.Ad-Hoc|ARM.ActiveCfg = Release|ARM
		{7CF16568-7FB0-490F-9FEA-210D1A2BCE8F}.Ad-Hoc|ARM.Build.0 = Release|ARM
		{7CF16568-7FB0-490F-9FEA-210D1A2BCE8F}.Ad-Hoc|ARM.Deploy.0 = Release|ARM
		{7CF16568-7FB0-490F-9FEA-210D1A2BCE8F}.Ad-Hoc|iPhone.ActiveCfg = Release|x86
		{7CF16568-7FB0-490F-9FEA-210D1A2BCE8F}.Ad-Hoc|iPhone.Build.0 = Release|x86
		{7CF16568-7FB0-490F-9FEA-210D1A2BCE8F}.Ad-Hoc|iPhone.Deploy.0 = Release|x86
		{7CF16568-7FB0-490F-9FEA-210D1A2BCE8F}.Ad-Hoc|iPhoneSimulator.ActiveCfg = Release|x86
		{7CF16568-7FB0-490F-9FEA-210D1A2BCE8F}.Ad-Hoc|iPhoneSimulator.Build.0 = Release|x86
		{7CF16568-7FB0-490F-9FEA-210D1A2BCE8F}.Ad-Hoc|iPhoneSimulator.Deploy.0 = Release|x86
		{7CF16568-7FB0-490F-9FEA-210D1A2BCE8F}.Ad-Hoc|x64.ActiveCfg = Release|x64
		{7CF16568-7FB0-490F-9FEA-210D1A2BCE8F}.Ad-Hoc|x64.Build.0 = Release|x64
		{7CF16568-7FB0-490F-9FEA-210D1A2BCE8F}.Ad-Hoc|x64.Deploy.0 = Release|x64
		{7CF16568-7FB0-490F-9FEA-210D1A2BCE8F}.Ad-Hoc|x86.ActiveCfg = Release|x86
		{7CF16568-7FB0-490F-9FEA-210D1A2BCE8F}.Ad-Hoc|x86.Build.0 = Release|x86
		{7CF16568-7FB0-490F-9FEA-210D1A2BCE8F}.Ad-Hoc|x86.Deploy.0 = Release|x86
		{7CF16568-7FB0-490F-9FEA-210D1A2BCE8F}.AppStore|Any CPU.ActiveCfg = Release|x86
		{7CF16568-7FB0-490F-9FEA-210D1A2BCE8F}.AppStore|Any CPU.Build.0 = Release|x86
		{7CF16568-7FB0-490F-9FEA-210D1A2BCE8F}.AppStore|Any CPU.Deploy.0 = Release|x86
		{7CF16568-7FB0-490F-9FEA-210D1A2BCE8F}.AppStore|ARM.ActiveCfg = Release|ARM
		{7CF16568-7FB0-490F-9FEA-210D1A2BCE8F}.AppStore|ARM.Build.0 = Release|ARM
		{7CF16568-7FB0-490F-9FEA-210D1A2BCE8F}.AppStore|ARM.Deploy.0 = Release|ARM
		{7CF16568-7FB0-490F-9FEA-210D1A2BCE8F}.AppStore|iPhone.ActiveCfg = Release|x86
		{7CF16568-7FB0-490F-9FEA-210D1A2BCE8F}.AppStore|iPhone.Build.0 = Release|x86
		{7CF16568-7FB0-490F-9FEA-210D1A2BCE8F}.AppStore|iPhone.Deploy.0 = Release|x86
		{7CF16568-7FB0-490F-9FEA-210D1A2BCE8F}.AppStore|iPhoneSimulator.ActiveCfg = Release|x86
		{7CF16568-7FB0-490F-9FEA-210D1A2BCE8F}.AppStore|iPhoneSimulator.Build.0 = Release|x86
		{7CF16568-7FB0-490F-9FEA-210D1A2BCE8F}.AppStore|iPhoneSimulator.Deploy.0 = Release|x86
		{7CF16568-7FB0-490F-9FEA-210D1A2BCE8F}.AppStore|x64.ActiveCfg = Release|x64
		{7CF16568-7FB0-490F-9FEA-210D1A2BCE8F}.AppStore|x64.Build.0 = Release|x64
		{7CF16568-7FB0-490F-9FEA-210D1A2BCE8F}.AppStore|x64.Deploy.0 = Release|x64
		{7CF16568-7FB0-490F-9FEA-210D1A2BCE8F}.AppStore|x86.ActiveCfg = Release|x86
		{7CF16568-7FB0-490F-9FEA-210D1A2BCE8F}.AppStore|x86.Build.0 = Release|x86
		{7CF16568-7FB0-490F-9FEA-210D1A2BCE8F}.AppStore|x86.Deploy.0 = Release|x86
		{7CF16568-7FB0-490F-9FEA-210D1A2BCE8F}.Debug|Any CPU.ActiveCfg = Debug|x86
		{7CF16568-7FB0-490F-9FEA-210D1A2BCE8F}.Debug|Any CPU.Build.0 = Debug|x86
		{7CF16568-7FB0-490F-9FEA-210D1A2BCE8F}.Debug|Any CPU.Deploy.0 = Debug|x86
		{7CF16568-7FB0-490F-9FEA-210D1A2BCE8F}.Debug|ARM.ActiveCfg = Debug|ARM
		{7CF16568-7FB0-490F-9FEA-210D1A2BCE8F}.Debug|ARM.Build.0 = Debug|ARM
		{7CF16568-7FB0-490F-9FEA-210D1A2BCE8F}.Debug|ARM.Deploy.0 = Debug|ARM
		{7CF16568-7FB0-490F-9FEA-210D1A2BCE8F}.Debug|iPhone.ActiveCfg = Debug|x86
		{7CF16568-7FB0-490F-9FEA-210D1A2BCE8F}.Debug|iPhoneSimulator.ActiveCfg = Debug|x86
		{7CF16568-7FB0-490F-9FEA-210D1A2BCE8F}.Debug|x64.ActiveCfg = Debug|x64
		{7CF16568-7FB0-490F-9FEA-210D1A2BCE8F}.Debug|x64.Build.0 = Debug|x64
		{7CF16568-7FB0-490F-9FEA-210D1A2BCE8F}.Debug|x64.Deploy.0 = Debug|x64
		{7CF16568-7FB0-490F-9FEA-210D1A2BCE8F}.Debug|x86.ActiveCfg = Debug|x86
		{7CF16568-7FB0-490F-9FEA-210D1A2BCE8F}.Debug|x86.Build.0 = Debug|x86
		{7CF16568-7FB0-490F-9FEA-210D1A2BCE8F}.Debug|x86.Deploy.0 = Debug|x86
		{7CF16568-7FB0-490F-9FEA-210D1A2BCE8F}.Release|Any CPU.ActiveCfg = Release|x86
		{7CF16568-7FB0-490F-9FEA-210D1A2BCE8F}.Release|ARM.ActiveCfg = Release|ARM
		{7CF16568-7FB0-490F-9FEA-210D1A2BCE8F}.Release|ARM.Build.0 = Release|ARM
		{7CF16568-7FB0-490F-9FEA-210D1A2BCE8F}.Release|ARM.Deploy.0 = Release|ARM
		{7CF16568-7FB0-490F-9FEA-210D1A2BCE8F}.Release|iPhone.ActiveCfg = Release|x86
		{7CF16568-7FB0-490F-9FEA-210D1A2BCE8F}.Release|iPhoneSimulator.ActiveCfg = Release|x86
		{7CF16568-7FB0-490F-9FEA-210D1A2BCE8F}.Release|x64.ActiveCfg = Release|x64
		{7CF16568-7FB0-490F-9FEA-210D1A2BCE8F}.Release|x64.Build.0 = Release|x64
		{7CF16568-7FB0-490F-9FEA-210D1A2BCE8F}.Release|x64.Deploy.0 = Release|x64
		{7CF16568-7FB0-490F-9FEA-210D1A2BCE8F}.Release|x86.ActiveCfg = Release|x86
		{7CF16568-7FB0-490F-9FEA-210D1A2BCE8F}.Release|x86.Build.0 = Release|x86
		{7CF16568-7FB0-490F-9FEA-210D1A2BCE8F}.Release|x86.Deploy.0 = Release|x86
		{593C3DA0-F6AC-40B9-926A-7E9E0B70EBB9}.Ad-Hoc|Any CPU.ActiveCfg = Release|Any CPU
		{593C3DA0-F6AC-40B9-926A-7E9E0B70EBB9}.Ad-Hoc|Any CPU.Build.0 = Release|Any CPU
		{593C3DA0-F6AC-40B9-926A-7E9E0B70EBB9}.Ad-Hoc|ARM.ActiveCfg = Release|Any CPU
		{593C3DA0-F6AC-40B9-926A-7E9E0B70EBB9}.Ad-Hoc|ARM.Build.0 = Release|Any CPU
		{593C3DA0-F6AC-40B9-926A-7E9E0B70EBB9}.Ad-Hoc|iPhone.ActiveCfg = Release|Any CPU
		{593C3DA0-F6AC-40B9-926A-7E9E0B70EBB9}.Ad-Hoc|iPhone.Build.0 = Release|Any CPU
		{593C3DA0-F6AC-40B9-926A-7E9E0B70EBB9}.Ad-Hoc|iPhoneSimulator.ActiveCfg = Release|Any CPU
		{593C3DA0-F6AC-40B9-926A-7E9E0B70EBB9}.Ad-Hoc|iPhoneSimulator.Build.0 = Release|Any CPU
		{593C3DA0-F6AC-40B9-926A-7E9E0B70EBB9}.Ad-Hoc|x64.ActiveCfg = Release|Any CPU
		{593C3DA0-F6AC-40B9-926A-7E9E0B70EBB9}.Ad-Hoc|x64.Build.0 = Release|Any CPU
		{593C3DA0-F6AC-40B9-926A-7E9E0B70EBB9}.Ad-Hoc|x86.ActiveCfg = Release|Any CPU
		{593C3DA0-F6AC-40B9-926A-7E9E0B70EBB9}.Ad-Hoc|x86.Build.0 = Release|Any CPU
		{593C3DA0-F6AC-40B9-926A-7E9E0B70EBB9}.AppStore|Any CPU.ActiveCfg = Release|Any CPU
		{593C3DA0-F6AC-40B9-926A-7E9E0B70EBB9}.AppStore|Any CPU.Build.0 = Release|Any CPU
		{593C3DA0-F6AC-40B9-926A-7E9E0B70EBB9}.AppStore|ARM.ActiveCfg = Release|Any CPU
		{593C3DA0-F6AC-40B9-926A-7E9E0B70EBB9}.AppStore|ARM.Build.0 = Release|Any CPU
		{593C3DA0-F6AC-40B9-926A-7E9E0B70EBB9}.AppStore|iPhone.ActiveCfg = Release|Any CPU
		{593C3DA0-F6AC-40B9-926A-7E9E0B70EBB9}.AppStore|iPhone.Build.0 = Release|Any CPU
		{593C3DA0-F6AC-40B9-926A-7E9E0B70EBB9}.AppStore|iPhoneSimulator.ActiveCfg = Release|Any CPU
		{593C3DA0-F6AC-40B9-926A-7E9E0B70EBB9}.AppStore|iPhoneSimulator.Build.0 = Release|Any CPU
		{593C3DA0-F6AC-40B9-926A-7E9E0B70EBB9}.AppStore|x64.ActiveCfg = Release|Any CPU
		{593C3DA0-F6AC-40B9-926A-7E9E0B70EBB9}.AppStore|x64.Build.0 = Release|Any CPU
		{593C3DA0-F6AC-40B9-926A-7E9E0B70EBB9}.AppStore|x86.ActiveCfg = Release|Any CPU
		{593C3DA0-F6AC-40B9-926A-7E9E0B70EBB9}.AppStore|x86.Build.0 = Release|Any CPU
		{593C3DA0-F6AC-40B9-926A-7E9E0B70EBB9}.Debug|Any CPU.ActiveCfg = Debug|Any CPU
		{593C3DA0-F6AC-40B9-926A-7E9E0B70EBB9}.Debug|Any CPU.Build.0 = Debug|Any CPU
		{593C3DA0-F6AC-40B9-926A-7E9E0B70EBB9}.Debug|ARM.ActiveCfg = Debug|Any CPU
		{593C3DA0-F6AC-40B9-926A-7E9E0B70EBB9}.Debug|ARM.Build.0 = Debug|Any CPU
		{593C3DA0-F6AC-40B9-926A-7E9E0B70EBB9}.Debug|iPhone.ActiveCfg = Debug|Any CPU
		{593C3DA0-F6AC-40B9-926A-7E9E0B70EBB9}.Debug|iPhone.Build.0 = Debug|Any CPU
		{593C3DA0-F6AC-40B9-926A-7E9E0B70EBB9}.Debug|iPhoneSimulator.ActiveCfg = Debug|Any CPU
		{593C3DA0-F6AC-40B9-926A-7E9E0B70EBB9}.Debug|iPhoneSimulator.Build.0 = Debug|Any CPU
		{593C3DA0-F6AC-40B9-926A-7E9E0B70EBB9}.Debug|x64.ActiveCfg = Debug|Any CPU
		{593C3DA0-F6AC-40B9-926A-7E9E0B70EBB9}.Debug|x64.Build.0 = Debug|Any CPU
		{593C3DA0-F6AC-40B9-926A-7E9E0B70EBB9}.Debug|x86.ActiveCfg = Debug|Any CPU
		{593C3DA0-F6AC-40B9-926A-7E9E0B70EBB9}.Debug|x86.Build.0 = Debug|Any CPU
		{593C3DA0-F6AC-40B9-926A-7E9E0B70EBB9}.Release|Any CPU.ActiveCfg = Release|Any CPU
		{593C3DA0-F6AC-40B9-926A-7E9E0B70EBB9}.Release|Any CPU.Build.0 = Release|Any CPU
		{593C3DA0-F6AC-40B9-926A-7E9E0B70EBB9}.Release|ARM.ActiveCfg = Release|Any CPU
		{593C3DA0-F6AC-40B9-926A-7E9E0B70EBB9}.Release|ARM.Build.0 = Release|Any CPU
		{593C3DA0-F6AC-40B9-926A-7E9E0B70EBB9}.Release|iPhone.ActiveCfg = Release|Any CPU
		{593C3DA0-F6AC-40B9-926A-7E9E0B70EBB9}.Release|iPhone.Build.0 = Release|Any CPU
		{593C3DA0-F6AC-40B9-926A-7E9E0B70EBB9}.Release|iPhoneSimulator.ActiveCfg = Release|Any CPU
		{593C3DA0-F6AC-40B9-926A-7E9E0B70EBB9}.Release|iPhoneSimulator.Build.0 = Release|Any CPU
		{593C3DA0-F6AC-40B9-926A-7E9E0B70EBB9}.Release|x64.ActiveCfg = Release|Any CPU
		{593C3DA0-F6AC-40B9-926A-7E9E0B70EBB9}.Release|x64.Build.0 = Release|Any CPU
		{593C3DA0-F6AC-40B9-926A-7E9E0B70EBB9}.Release|x86.ActiveCfg = Release|Any CPU
		{593C3DA0-F6AC-40B9-926A-7E9E0B70EBB9}.Release|x86.Build.0 = Release|Any CPU
	EndGlobalSection
	GlobalSection(SolutionProperties) = preSolution
		HideSolutionNode = FALSE
	EndGlobalSection
EndGlobal
